
Microsoft Visual Studio Solution File, Format Version 12.00
# Visual Studio 2012
Project("{FAE04EC0-301F-11D3-BF4B-00C04F79EFBC}") = "com.fpnn.rtm", "com.fpnn.rtm.csproj", "{AB41022D-CD24-4706-86E6-8C7E4E47E82B}"
EndProject
Global
	GlobalSection(SolutionConfigurationPlatforms) = preSolution
		Debug|x86 = Debug|x86
		Release|x86 = Release|x86
	EndGlobalSection
	GlobalSection(ProjectConfigurationPlatforms) = postSolution
		{AB41022D-CD24-4706-86E6-8C7E4E47E82B}.Debug|x86.ActiveCfg = Debug|x86
		{AB41022D-CD24-4706-86E6-8C7E4E47E82B}.Debug|x86.Build.0 = Debug|x86
		{AB41022D-CD24-4706-86E6-8C7E4E47E82B}.Release|x86.ActiveCfg = Release|x86
		{AB41022D-CD24-4706-86E6-8C7E4E47E82B}.Release|x86.Build.0 = Release|x86
	EndGlobalSection
EndGlobal
